{
  "version": "5",
  "specifiers": {
    "npm:mailchannels-sdk@0.8": "0.8.0"
  },
  "npm": {
    "mailchannels-sdk@0.8.0": {
      "integrity": "sha512-bW0v4AhETZQeckKRB6Uq214yzt9/qM1BgfWLnC5XAy/rnPNSE4s79M3WUq1cvKSknic+KcYZ2aheE+xw2M/Dkg==",
      "dependencies": [
        "mime",
        "ofetch"
      ],
      "bin": true
    },
    "mime@4.1.0": {
      "integrity": "sha512-X5ju04+cAzsojXKes0B/S4tcYtFAJ6tTMuSPBEn9CPGlrWr8Fiw7qYeLT0XyH80HSoAoqWCaz+MWKh22P7G1cw==",
      "bin": true
    },
    "ofetch@2.0.0-alpha.3": {
      "integrity": "sha512-zpYTCs2byOuft65vI3z43Dd6iSdFbOZZLb9/d21aCpx2rGastVU9dOCv0lu4ykc1Ur1anAYjDi3SUvR0vq50JA=="
    }
  },
  "workspace": {
    "dependencies": [
      "npm:mailchannels-sdk@0.8"
    ]
  }
}
